
Microsoft Visual Studio Solution File, Format Version 12.00
# Visual Studio Version 17
VisualStudioVersion = 17.9.34723.18
MinimumVisualStudioVersion = 10.0.40219.1
Project("{FAE04EC0-301F-11D3-BF4B-00C04F79EFBC}") = "HotelWeb", "HotelWeb\HotelWeb.csproj", "{0ACED512-F4D2-448A-BB8B-1BDCC2696D67}"
EndProject
Global
	GlobalSection(SolutionConfigurationPlatforms) = preSolution
		Debug|Any CPU = Debug|Any CPU
		Release|Any CPU = Release|Any CPU
	EndGlobalSection
	GlobalSection(ProjectConfigurationPlatforms) = postSolution
		{0ACED512-F4D2-448A-BB8B-1BDCC2696D67}.Debug|Any CPU.ActiveCfg = Debug|Any CPU
		{0ACED512-F4D2-448A-BB8B-1BDCC2696D67}.Debug|Any CPU.Build.0 = Debug|Any CPU
		{0ACED512-F4D2-448A-BB8B-1BDCC2696D67}.Release|Any CPU.ActiveCfg = Release|Any CPU
		{0ACED512-F4D2-448A-BB8B-1BDCC2696D67}.Release|Any CPU.Build.0 = Release|Any CPU
	EndGlobalSection
	GlobalSection(SolutionProperties) = preSolution
		HideSolutionNode = FALSE
	EndGlobalSection
	GlobalSection(ExtensibilityGlobals) = postSolution
		SolutionGuid = {B8280F3A-F9CA-4A3C-8AE3-2DA20A77B152}
	EndGlobalSection
EndGlobal
